
Microsoft Visual Studio Solution File, Format Version 12.00
# Visual Studio Version 16
VisualStudioVersion = 16.0.31005.135
MinimumVisualStudioVersion = 10.0.40219.1
Project("{FAE04EC0-301F-11D3-BF4B-00C04F79EFBC}") = "MMDIST", "МИСИС_Форма\MMDIST.csproj", "{DD9806C2-7407-4C97-A143-1863E75A6075}"
EndProject
Global
	GlobalSection(SolutionConfigurationPlatforms) = preSolution
		Debug|Any CPU = Debug|Any CPU
		Release|Any CPU = Release|Any CPU
	EndGlobalSection
	GlobalSection(ProjectConfigurationPlatforms) = postSolution
		{DD9806C2-7407-4C97-A143-1863E75A6075}.Debug|Any CPU.ActiveCfg = Debug|Any CPU
		{DD9806C2-7407-4C97-A143-1863E75A6075}.Debug|Any CPU.Build.0 = Debug|Any CPU
		{DD9806C2-7407-4C97-A143-1863E75A6075}.Release|Any CPU.ActiveCfg = Release|Any CPU
		{DD9806C2-7407-4C97-A143-1863E75A6075}.Release|Any CPU.Build.0 = Release|Any CPU
	EndGlobalSection
	GlobalSection(SolutionProperties) = preSolution
		HideSolutionNode = FALSE
	EndGlobalSection
	GlobalSection(ExtensibilityGlobals) = postSolution
		SolutionGuid = {FE6F7C73-C94B-4F56-9FFC-936E89FDBF48}
	EndGlobalSection
EndGlobal
